
Microsoft Visual Studio Solution File, Format Version 12.00
# Visual Studio Version 17
VisualStudioVersion = 17.4.33213.308
MinimumVisualStudioVersion = 10.0.40219.1
Project("{9A19103F-16F7-4668-BE54-9A1E7A4F7556}") = "Link_COM_Acad", "Link_COM_Acad\Link_COM_Acad.csproj", "{C4FB0FED-3ECE-4BCA-A03F-82CD7945A966}"
EndProject
Global
	GlobalSection(SolutionConfigurationPlatforms) = preSolution
		Debug_NET8|Any CPU = Debug_NET8|Any CPU
		Debug_NET8|x64 = Debug_NET8|x64
		Release_NET8|Any CPU = Release_NET8|Any CPU
		Release_NET8|x64 = Release_NET8|x64
	EndGlobalSection
	GlobalSection(ProjectConfigurationPlatforms) = postSolution
		{C4FB0FED-3ECE-4BCA-A03F-82CD7945A966}.Debug_NET8|Any CPU.ActiveCfg = Debug_NET8|Any CPU
		{C4FB0FED-3ECE-4BCA-A03F-82CD7945A966}.Debug_NET8|Any CPU.Build.0 = Debug_NET8|Any CPU
		{C4FB0FED-3ECE-4BCA-A03F-82CD7945A966}.Debug_NET8|x64.ActiveCfg = Debug_NET8|x64
		{C4FB0FED-3ECE-4BCA-A03F-82CD7945A966}.Debug_NET8|x64.Build.0 = Debug_NET8|x64
		{C4FB0FED-3ECE-4BCA-A03F-82CD7945A966}.Release_NET8|Any CPU.ActiveCfg = Release_NET8|Any CPU
		{C4FB0FED-3ECE-4BCA-A03F-82CD7945A966}.Release_NET8|Any CPU.Build.0 = Release_NET8|Any CPU
		{C4FB0FED-3ECE-4BCA-A03F-82CD7945A966}.Release_NET8|x64.ActiveCfg = Release_NET8|x64
		{C4FB0FED-3ECE-4BCA-A03F-82CD7945A966}.Release_NET8|x64.Build.0 = Release_NET8|x64
	EndGlobalSection
	GlobalSection(SolutionProperties) = preSolution
		HideSolutionNode = FALSE
	EndGlobalSection
	GlobalSection(ExtensibilityGlobals) = postSolution
		SolutionGuid = {7F1F8EE9-AAD4-47C9-AF9E-F21417D65765}
	EndGlobalSection
EndGlobal
